
Microsoft Visual Studio Solution File, Format Version 12.00
# Visual Studio Version 17
VisualStudioVersion = 17.14.36414.22 d17.14
MinimumVisualStudioVersion = 10.0.40219.1
Project("{FAE04EC0-301F-11D3-BF4B-00C04F79EFBC}") = "OllamaLocalConnect", "OllamaLocalConnect.csproj", "{467631A5-F706-44E0-A95D-FA6B08044F46}"
EndProject
Project("{FAE04EC0-301F-11D3-BF4B-00C04F79EFBC}") = "OllamaLocalConnect.BAL", "..\OllamaLocalConnect.BAL\OllamaLocalConnect.BAL.csproj", "{0D2B16C9-6215-48A2-A189-45042D2AAEE7}"
EndProject
Project("{FAE04EC0-301F-11D3-BF4B-00C04F79EFBC}") = "OllamaLocalConnect.DAL", "..\OllamaLocalConnect.DAL\OllamaLocalConnect.DAL.csproj", "{C54480A8-1FCE-42C2-8BE0-22A3D4F262A3}"
EndProject
Global
	GlobalSection(SolutionConfigurationPlatforms) = preSolution
		Debug|Any CPU = Debug|Any CPU
		Release|Any CPU = Release|Any CPU
	EndGlobalSection
	GlobalSection(ProjectConfigurationPlatforms) = postSolution
		{467631A5-F706-44E0-A95D-FA6B08044F46}.Debug|Any CPU.ActiveCfg = Debug|Any CPU
		{467631A5-F706-44E0-A95D-FA6B08044F46}.Debug|Any CPU.Build.0 = Debug|Any CPU
		{467631A5-F706-44E0-A95D-FA6B08044F46}.Release|Any CPU.ActiveCfg = Release|Any CPU
		{467631A5-F706-44E0-A95D-FA6B08044F46}.Release|Any CPU.Build.0 = Release|Any CPU
		{0D2B16C9-6215-48A2-A189-45042D2AAEE7}.Debug|Any CPU.ActiveCfg = Debug|Any CPU
		{0D2B16C9-6215-48A2-A189-45042D2AAEE7}.Debug|Any CPU.Build.0 = Debug|Any CPU
		{0D2B16C9-6215-48A2-A189-45042D2AAEE7}.Release|Any CPU.ActiveCfg = Release|Any CPU
		{0D2B16C9-6215-48A2-A189-45042D2AAEE7}.Release|Any CPU.Build.0 = Release|Any CPU
		{C54480A8-1FCE-42C2-8BE0-22A3D4F262A3}.Debug|Any CPU.ActiveCfg = Debug|Any CPU
		{C54480A8-1FCE-42C2-8BE0-22A3D4F262A3}.Debug|Any CPU.Build.0 = Debug|Any CPU
		{C54480A8-1FCE-42C2-8BE0-22A3D4F262A3}.Release|Any CPU.ActiveCfg = Release|Any CPU
		{C54480A8-1FCE-42C2-8BE0-22A3D4F262A3}.Release|Any CPU.Build.0 = Release|Any CPU
	EndGlobalSection
	GlobalSection(SolutionProperties) = preSolution
		HideSolutionNode = FALSE
	EndGlobalSection
	GlobalSection(ExtensibilityGlobals) = postSolution
		SolutionGuid = {6C1E3D76-AA6C-44AC-87E3-8A6D86AE1F76}
	EndGlobalSection
EndGlobal
